
Microsoft Visual Studio Solution File, Format Version 12.00
# Visual Studio Version 16
VisualStudioVersion = 16.0.810.11
MinimumVisualStudioVersion = 10.0.40219.1
Project("{FAE04EC0-301F-11D3-BF4B-00C04F79EFBC}") = "assignment1", "assignment1.csproj", "{B9D9EEE8-B3EE-4ABF-A1E0-9AE5418D9C17}"
EndProject
Global
	GlobalSection(SolutionConfigurationPlatforms) = preSolution
		Debug|Any CPU = Debug|Any CPU
		Release|Any CPU = Release|Any CPU
	EndGlobalSection
	GlobalSection(ProjectConfigurationPlatforms) = postSolution
		{B9D9EEE8-B3EE-4ABF-A1E0-9AE5418D9C17}.Debug|Any CPU.ActiveCfg = Debug|Any CPU
		{B9D9EEE8-B3EE-4ABF-A1E0-9AE5418D9C17}.Debug|Any CPU.Build.0 = Debug|Any CPU
		{B9D9EEE8-B3EE-4ABF-A1E0-9AE5418D9C17}.Release|Any CPU.ActiveCfg = Release|Any CPU
		{B9D9EEE8-B3EE-4ABF-A1E0-9AE5418D9C17}.Release|Any CPU.Build.0 = Release|Any CPU
	EndGlobalSection
	GlobalSection(SolutionProperties) = preSolution
		HideSolutionNode = FALSE
	EndGlobalSection
	GlobalSection(ExtensibilityGlobals) = postSolution
		SolutionGuid = {FE938D35-7EDB-4014-9501-6FBDD8365DF1}
	EndGlobalSection
EndGlobal
